
Microsoft Visual Studio Solution File, Format Version 12.00
# Visual Studio 15
Project("{FAE04EC0-301F-11D3-BF4B-00C04F79EFBC}") = "Assembly-CSharp", "Assembly-CSharp.csproj", "{EC9AB7E1-B7DF-2058-A36F-28CD8DA7485B}"
EndProject
Global
	GlobalSection(SolutionConfigurationPlatforms) = preSolution
		Debug|Any CPU = Debug|Any CPU
		Release|Any CPU = Release|Any CPU
	EndGlobalSection
	GlobalSection(ProjectConfigurationPlatforms) = postSolution
		{EC9AB7E1-B7DF-2058-A36F-28CD8DA7485B}.Debug|Any CPU.ActiveCfg = Debug|Any CPU
		{EC9AB7E1-B7DF-2058-A36F-28CD8DA7485B}.Debug|Any CPU.Build.0 = Debug|Any CPU
		{EC9AB7E1-B7DF-2058-A36F-28CD8DA7485B}.Release|Any CPU.ActiveCfg = Release|Any CPU
		{EC9AB7E1-B7DF-2058-A36F-28CD8DA7485B}.Release|Any CPU.Build.0 = Release|Any CPU
	EndGlobalSection
	GlobalSection(SolutionProperties) = preSolution
		HideSolutionNode = FALSE
	EndGlobalSection
EndGlobal
